
Microsoft Visual Studio Solution File, Format Version 12.00
# Visual Studio Version 17
VisualStudioVersion = 17.4.33213.308
MinimumVisualStudioVersion = 10.0.40219.1
Project("{FAE04EC0-301F-11D3-BF4B-00C04F79EFBC}") = "MyMS.API", "MyMS.API\MyMS.API.csproj", "{5405160B-C67A-4511-A2D2-A38E3542A05E}"
EndProject
Project("{2150E333-8FDC-42A3-9474-1A3956D46DE8}") = "MyMS.Client", "MyMS.Client", "{505E4F8C-BED5-4E8C-9BF5-5411F5C705AB}"
EndProject
Global
	GlobalSection(SolutionConfigurationPlatforms) = preSolution
		Debug|Any CPU = Debug|Any CPU
		Release|Any CPU = Release|Any CPU
	EndGlobalSection
	GlobalSection(ProjectConfigurationPlatforms) = postSolution
		{5405160B-C67A-4511-A2D2-A38E3542A05E}.Debug|Any CPU.ActiveCfg = Debug|Any CPU
		{5405160B-C67A-4511-A2D2-A38E3542A05E}.Debug|Any CPU.Build.0 = Debug|Any CPU
		{5405160B-C67A-4511-A2D2-A38E3542A05E}.Release|Any CPU.ActiveCfg = Release|Any CPU
		{5405160B-C67A-4511-A2D2-A38E3542A05E}.Release|Any CPU.Build.0 = Release|Any CPU
	EndGlobalSection
	GlobalSection(SolutionProperties) = preSolution
		HideSolutionNode = FALSE
	EndGlobalSection
	GlobalSection(ExtensibilityGlobals) = postSolution
		SolutionGuid = {E2E4195F-AD47-49F2-B113-22CEED4C7DB5}
	EndGlobalSection
EndGlobal
